// !$*UTF8*$!
{
	archiveVersion = 1;
	classes = {
	};
	objectVersion = 56;
	objects = {

/* Begin PBXBuildFile section */
		8A91001C2ACD663200024E24 /* ARKitModel.swift in Sources */ = {isa = PBXBuildFile; fileRef = 8A91001B2ACD663200024E24 /* ARKitModel.swift */; };
		8A91FF002ACD0D2800024E24 /* RealityKitContent in Frameworks */ = {isa = PBXBuildFile; productRef = 8A91FEFF2ACD0D2800024E24 /* RealityKitContent */; };
		8A91FF022ACD0D2800024E24 /* ARKitHandTrackingApp.swift in Sources */ = {isa = PBXBuildFile; fileRef = 8A91FF012ACD0D2800024E24 /* ARKitHandTrackingApp.swift */; };
		8A91FF042ACD0D2800024E24 /* ContentView.swift in Sources */ = {isa = PBXBuildFile; fileRef = 8A91FF032ACD0D2800024E24 /* ContentView.swift */; };
		8A91FF062ACD0D2800024E24 /* ImmersiveView.swift in Sources */ = {isa = PBXBuildFile; fileRef = 8A91FF052ACD0D2800024E24 /* ImmersiveView.swift */; };
		8A91FF082ACD0D2900024E24 /* Assets.xcassets in Resources */ = {isa = PBXBuildFile; fileRef = 8A91FF072ACD0D2900024E24 /* Assets.xcassets */; };
		8A91FF0B2ACD0D2900024E24 /* Preview Assets.xcassets in Resources */ = {isa = PBXBuildFile; fileRef = 8A91FF0A2ACD0D2900024E24 /* Preview Assets.xcassets */; };
/* End PBXBuildFile section */

/* Begin PBXFileReference section */
		8A91001B2ACD663200024E24 /* ARKitModel.swift */ = {isa = PBXFileReference; lastKnownFileType = sourcecode.swift; path = ARKitModel.swift; sourceTree = "<group>"; };
		8A91FEFA2ACD0D2800024E24 /* ARKitHandTracking.app */ = {isa = PBXFileReference; explicitFileType = wrapper.application; includeInIndex = 0; path = ARKitHandTracking.app; sourceTree = BUILT_PRODUCTS_DIR; };
		8A91FEFE2ACD0D2800024E24 /* RealityKitContent */ = {isa = PBXFileReference; lastKnownFileType = wrapper; path = RealityKitContent; sourceTree = "<group>"; };
		8A91FF012ACD0D2800024E24 /* ARKitHandTrackingApp.swift */ = {isa = PBXFileReference; lastKnownFileType = sourcecode.swift; path = ARKitHandTrackingApp.swift; sourceTree = "<group>"; };
		8A91FF032ACD0D2800024E24 /* ContentView.swift */ = {isa = PBXFileReference; lastKnownFileType = sourcecode.swift; path = ContentView.swift; sourceTree = "<group>"; };
		8A91FF052ACD0D2800024E24 /* ImmersiveView.swift */ = {isa = PBXFileReference; lastKnownFileType = sourcecode.swift; path = ImmersiveView.swift; sourceTree = "<group>"; };
		8A91FF072ACD0D2900024E24 /* Assets.xcassets */ = {isa = PBXFileReference; lastKnownFileType = folder.assetcatalog; path = Assets.xcassets; sourceTree = "<group>"; };
		8A91FF0A2ACD0D2900024E24 /* Preview Assets.xcassets */ = {isa = PBXFileReference; lastKnownFileType = folder.assetcatalog; path = "Preview Assets.xcassets"; sourceTree = "<group>"; };
		8A91FF0C2ACD0D2900024E24 /* Info.plist */ = {isa = PBXFileReference; lastKnownFileType = text.plist.xml; path = Info.plist; sourceTree = "<group>"; };
/* End PBXFileReference section */

/* Begin PBXFrameworksBuildPhase section */
		8A91FEF72ACD0D2800024E24 /* Frameworks */ = {
			isa = PBXFrameworksBuildPhase;
			buildActionMask = 2147483647;
			files = (
				8A91FF002ACD0D2800024E24 /* RealityKitContent in Frameworks */,
			);
			runOnlyForDeploymentPostprocessing = 0;
		};
/* End PBXFrameworksBuildPhase section */

/* Begin PBXGroup section */
		8A91FEF12ACD0D2800024E24 = {
			isa = PBXGroup;
			children = (
				8A91FEFC2ACD0D2800024E24 /* ARKitHandTracking */,
				8A91FEFD2ACD0D2800024E24 /* Packages */,
				8A91FEFB2ACD0D2800024E24 /* Products */,
			);
			sourceTree = "<group>";
		};
		8A91FEFB2ACD0D2800024E24 /* Products */ = {
			isa = PBXGroup;
			children = (
				8A91FEFA2ACD0D2800024E24 /* ARKitHandTracking.app */,
			);
			name = Products;
			sourceTree = "<group>";
		};
		8A91FEFC2ACD0D2800024E24 /* ARKitHandTracking */ = {
			isa = PBXGroup;
			children = (
				8A91FF0C2ACD0D2900024E24 /* Info.plist */,
				8A91FF072ACD0D2900024E24 /* Assets.xcassets */,
				8A91FF012ACD0D2800024E24 /* ARKitHandTrackingApp.swift */,
				8A91FF032ACD0D2800024E24 /* ContentView.swift */,
				8A91FF052ACD0D2800024E24 /* ImmersiveView.swift */,
				8A91001B2ACD663200024E24 /* ARKitModel.swift */,
				8A91FF092ACD0D2900024E24 /* Preview Content */,
			);
			path = ARKitHandTracking;
			sourceTree = "<group>";
		};
		8A91FEFD2ACD0D2800024E24 /* Packages */ = {
			isa = PBXGroup;
			children = (
				8A91FEFE2ACD0D2800024E24 /* RealityKitContent */,
			);
			path = Packages;
			sourceTree = "<group>";
		};
		8A91FF092ACD0D2900024E24 /* Preview Content */ = {
			isa = PBXGroup;
			children = (
				8A91FF0A2ACD0D2900024E24 /* Preview Assets.xcassets */,
			);
			path = "Preview Content";
			sourceTree = "<group>";
		};
/* End PBXGroup section */

/* Begin PBXNativeTarget section */
		8A91FEF92ACD0D2800024E24 /* ARKitHandTracking */ = {
			isa = PBXNativeTarget;
			buildConfigurationList = 8A91FF0F2ACD0D2900024E24 /* Build configuration list for PBXNativeTarget "ARKitHandTracking" */;
			buildPhases = (
				8A91FEF62ACD0D2800024E24 /* Sources */,
				8A91FEF72ACD0D2800024E24 /* Frameworks */,
				8A91FEF82ACD0D2800024E24 /* Resources */,
			);
			buildRules = (
			);
			dependencies = (
			);
			name = ARKitHandTracking;
			packageProductDependencies = (
				8A91FEFF2ACD0D2800024E24 /* RealityKitContent */,
			);
			productName = ARKitSceneReconstruction;
			productReference = 8A91FEFA2ACD0D2800024E24 /* ARKitHandTracking.app */;
			productType = "com.apple.product-type.application";
		};
/* End PBXNativeTarget section */

/* Begin PBXProject section */
		8A91FEF22ACD0D2800024E24 /* Project object */ = {
			isa = PBXProject;
			attributes = {
				BuildIndependentTargetsInParallel = 1;
				LastSwiftUpdateCheck = 1500;
				LastUpgradeCheck = 1500;
				TargetAttributes = {
					8A91FEF92ACD0D2800024E24 = {
						CreatedOnToolsVersion = 15.0;
					};
				};
			};
			buildConfigurationList = 8A91FEF52ACD0D2800024E24 /* Build configuration list for PBXProject "ARKitHandTracking" */;
			compatibilityVersion = "Xcode 14.0";
			developmentRegion = en;
			hasScannedForEncodings = 0;
			knownRegions = (
				en,
				Base,
			);
			mainGroup = 8A91FEF12ACD0D2800024E24;
			productRefGroup = 8A91FEFB2ACD0D2800024E24 /* Products */;
			projectDirPath = "";
			projectRoot = "";
			targets = (
				8A91FEF92ACD0D2800024E24 /* ARKitHandTracking */,
			);
		};
/* End PBXProject section */

/* Begin PBXResourcesBuildPhase section */
		8A91FEF82ACD0D2800024E24 /* Resources */ = {
			isa = PBXResourcesBuildPhase;
			buildActionMask = 2147483647;
			files = (
				8A91FF0B2ACD0D2900024E24 /* Preview Assets.xcassets in Resources */,
				8A91FF082ACD0D2900024E24 /* Assets.xcassets in Resources */,
			);
			runOnlyForDeploymentPostprocessing = 0;
		};
/* End PBXResourcesBuildPhase section */

/* Begin PBXSourcesBuildPhase section */
		8A91FEF62ACD0D2800024E24 /* Sources */ = {
			isa = PBXSourcesBuildPhase;
			buildActionMask = 2147483647;
			files = (
				8A91FF042ACD0D2800024E24 /* ContentView.swift in Sources */,
				8A91FF022ACD0D2800024E24 /* ARKitHandTrackingApp.swift in Sources */,
				8A91FF062ACD0D2800024E24 /* ImmersiveView.swift in Sources */,
				8A91001C2ACD663200024E24 /* ARKitModel.swift in Sources */,
			);
			runOnlyForDeploymentPostprocessing = 0;
		};
/* End PBXSourcesBuildPhase section */

/* Begin XCBuildConfiguration section */
		8A91FF0D2ACD0D2900024E24 /* Debug */ = {
			isa = XCBuildConfiguration;
			buildSettings = {
				ALWAYS_SEARCH_USER_PATHS = NO;
				ASSETCATALOG_COMPILER_GENERATE_SWIFT_ASSET_SYMBOL_EXTENSIONS = YES;
				CLANG_ANALYZER_NONNULL = YES;
				CLANG_ANALYZER_NUMBER_OBJECT_CONVERSION = YES_AGGRESSIVE;
				CLANG_CXX_LANGUAGE_STANDARD = "gnu++20";
				CLANG_ENABLE_MODULES = YES;
				CLANG_ENABLE_OBJC_ARC = YES;
				CLANG_ENABLE_OBJC_WEAK = YES;
				CLANG_WARN_BLOCK_CAPTURE_AUTORELEASING = YES;
				CLANG_WARN_BOOL_CONVERSION = YES;
				CLANG_WARN_COMMA = YES;
				CLANG_WARN_CONSTANT_CONVERSION = YES;
				CLANG_WARN_DEPRECATED_OBJC_IMPLEMENTATIONS = YES;
				CLANG_WARN_DIRECT_OBJC_ISA_USAGE = YES_ERROR;
				CLANG_WARN_DOCUMENTATION_COMMENTS = YES;
				CLANG_WARN_EMPTY_BODY = YES;
				CLANG_WARN_ENUM_CONVERSION = YES;
				CLANG_WARN_INFINITE_RECURSION = YES;
				CLANG_WARN_INT_CONVERSION = YES;
				CLANG_WARN_NON_LITERAL_NULL_CONVERSION = YES;
				CLANG_WARN_OBJC_IMPLICIT_RETAIN_SELF = YES;
				CLANG_WARN_OBJC_LITERAL_CONVERSION = YES;
				CLANG_WARN_OBJC_ROOT_CLASS = YES_ERROR;
				CLANG_WARN_QUOTED_INCLUDE_IN_FRAMEWORK_HEADER = YES;
				CLANG_WARN_RANGE_LOOP_ANALYSIS = YES;
				CLANG_WARN_STRICT_PROTOTYPES = YES;
				CLANG_WARN_SUSPICIOUS_MOVE = YES;
				CLANG_WARN_UNGUARDED_AVAILABILITY = YES_AGGRESSIVE;
				CLANG_WARN_UNREACHABLE_CODE = YES;
				CLANG_WARN__DUPLICATE_METHOD_MATCH = YES;
				COPY_PHASE_STRIP = NO;
				DEBUG_INFORMATION_FORMAT = dwarf;
				ENABLE_STRICT_OBJC_MSGSEND = YES;
				ENABLE_TESTABILITY = YES;
				ENABLE_USER_SCRIPT_SANDBOXING = YES;
				GCC_C_LANGUAGE_STANDARD = gnu17;
				GCC_DYNAMIC_NO_PIC = NO;
				GCC_NO_COMMON_BLOCKS = YES;
				GCC_OPTIMIZATION_LEVEL = 0;
				GCC_PREPROCESSOR_DEFINITIONS = (
					"DEBUG=1",
					"$(inherited)",
				);
				GCC_WARN_64_TO_32_BIT_CONVERSION = YES;
				GCC_WARN_ABOUT_RETURN_TYPE = YES_ERROR;
				GCC_WARN_UNDECLARED_SELECTOR = YES;
				GCC_WARN_UNINITIALIZED_AUTOS = YES_AGGRESSIVE;
				GCC_WARN_UNUSED_FUNCTION = YES;
				GCC_WARN_UNUSED_VARIABLE = YES;
				LOCALIZATION_PREFERS_STRING_CATALOGS = YES;
				MTL_ENABLE_DEBUG_INFO = INCLUDE_SOURCE;
				MTL_FAST_MATH = YES;
				ONLY_ACTIVE_ARCH = YES;
				SDKROOT = xros;
				SWIFT_ACTIVE_COMPILATION_CONDITIONS = "DEBUG $(inherited)";
				SWIFT_OPTIMIZATION_LEVEL = "-Onone";
				XROS_DEPLOYMENT_TARGET = 1.0;
			};
			name = Debug;
		};
		8A91FF0E2ACD0D2900024E24 /* Release */ = {
			isa = XCBuildConfiguration;
			buildSettings = {
				ALWAYS_SEARCH_USER_PATHS = NO;
				ASSETCATALOG_COMPILER_GENERATE_SWIFT_ASSET_SYMBOL_EXTENSIONS = YES;
				CLANG_ANALYZER_NONNULL = YES;
				CLANG_ANALYZER_NUMBER_OBJECT_CONVERSION = YES_AGGRESSIVE;
				CLANG_CXX_LANGUAGE_STANDARD = "gnu++20";
				CLANG_ENABLE_MODULES = YES;
				CLANG_ENABLE_OBJC_ARC = YES;
				CLANG_ENABLE_OBJC_WEAK = YES;
				CLANG_WARN_BLOCK_CAPTURE_AUTORELEASING = YES;
				CLANG_WARN_BOOL_CONVERSION = YES;
				CLANG_WARN_COMMA = YES;
				CLANG_WARN_CONSTANT_CONVERSION = YES;
				CLANG_WARN_DEPRECATED_OBJC_IMPLEMENTATIONS = YES;
				CLANG_WARN_DIRECT_OBJC_ISA_USAGE = YES_ERROR;
				CLANG_WARN_DOCUMENTATION_COMMENTS = YES;
				CLANG_WARN_EMPTY_BODY = YES;
				CLANG_WARN_ENUM_CONVERSION = YES;
				CLANG_WARN_INFINITE_RECURSION = YES;
				CLANG_WARN_INT_CONVERSION = YES;
				CLANG_WARN_NON_LITERAL_NULL_CONVERSION = YES;
				CLANG_WARN_OBJC_IMPLICIT_RETAIN_SELF = YES;
				CLANG_WARN_OBJC_LITERAL_CONVERSION = YES;
				CLANG_WARN_OBJC_ROOT_CLASS = YES_ERROR;
				CLANG_WARN_QUOTED_INCLUDE_IN_FRAMEWORK_HEADER = YES;
				CLANG_WARN_RANGE_LOOP_ANALYSIS = YES;
				CLANG_WARN_STRICT_PROTOTYPES = YES;
				CLANG_WARN_SUSPICIOUS_MOVE = YES;
				CLANG_WARN_UNGUARDED_AVAILABILITY = YES_AGGRESSIVE;
				CLANG_WARN_UNREACHABLE_CODE = YES;
				CLANG_WARN__DUPLICATE_METHOD_MATCH = YES;
				COPY_PHASE_STRIP = NO;
				DEBUG_INFORMATION_FORMAT = "dwarf-with-dsym";
				ENABLE_NS_ASSERTIONS = NO;
				ENABLE_STRICT_OBJC_MSGSEND = YES;
				ENABLE_USER_SCRIPT_SANDBOXING = YES;
				GCC_C_LANGUAGE_STANDARD = gnu17;
				GCC_NO_COMMON_BLOCKS = YES;
				GCC_WARN_64_TO_32_BIT_CONVERSION = YES;
				GCC_WARN_ABOUT_RETURN_TYPE = YES_ERROR;
				GCC_WARN_UNDECLARED_SELECTOR = YES;
				GCC_WARN_UNINITIALIZED_AUTOS = YES_AGGRESSIVE;
				GCC_WARN_UNUSED_FUNCTION = YES;
				GCC_WARN_UNUSED_VARIABLE = YES;
				LOCALIZATION_PREFERS_STRING_CATALOGS = YES;
				MTL_ENABLE_DEBUG_INFO = NO;
				MTL_FAST_MATH = YES;
				SDKROOT = xros;
				SWIFT_COMPILATION_MODE = wholemodule;
				VALIDATE_PRODUCT = YES;
				XROS_DEPLOYMENT_TARGET = 1.0;
			};
			name = Release;
		};
		8A91FF102ACD0D2900024E24 /* Debug */ = {
			isa = XCBuildConfiguration;
			buildSettings = {
				ASSETCATALOG_COMPILER_APPICON_NAME = AppIcon;
				ASSETCATALOG_COMPILER_GLOBAL_ACCENT_COLOR_NAME = AccentColor;
				CODE_SIGN_STYLE = Automatic;
				CURRENT_PROJECT_VERSION = 1;
				DEVELOPMENT_ASSET_PATHS = "\"ARKitHandTracking/Preview Content\"";
				DEVELOPMENT_TEAM = 9Z86A4AWDE;
				ENABLE_PREVIEWS = YES;
				GENERATE_INFOPLIST_FILE = YES;
				INFOPLIST_FILE = "$(TARGET_NAME)/Info.plist";
				LD_RUNPATH_SEARCH_PATHS = (
					"$(inherited)",
					"@executable_path/Frameworks",
				);
				MARKETING_VERSION = 1.0;
				PRODUCT_BUNDLE_IDENTIFIER = com.shu223.ARKitHandTracking;
				PRODUCT_NAME = "$(TARGET_NAME)";
				SUPPORTED_PLATFORMS = "xros xrsimulator";
				SWIFT_EMIT_LOC_STRINGS = YES;
				SWIFT_VERSION = 5.0;
				TARGETED_DEVICE_FAMILY = "1,2,7";
			};
			name = Debug;
		};
		8A91FF112ACD0D2900024E24 /* Release */ = {
			isa = XCBuildConfiguration;
			buildSettings = {
				ASSETCATALOG_COMPILER_APPICON_NAME = AppIcon;
				ASSETCATALOG_COMPILER_GLOBAL_ACCENT_COLOR_NAME = AccentColor;
				CODE_SIGN_STYLE = Automatic;
				CURRENT_PROJECT_VERSION = 1;
				DEVELOPMENT_ASSET_PATHS = "\"ARKitHandTracking/Preview Content\"";
				DEVELOPMENT_TEAM = 9Z86A4AWDE;
				ENABLE_PREVIEWS = YES;
				GENERATE_INFOPLIST_FILE = YES;
				INFOPLIST_FILE = "$(TARGET_NAME)/Info.plist";
				LD_RUNPATH_SEARCH_PATHS = (
					"$(inherited)",
					"@executable_path/Frameworks",
				);
				MARKETING_VERSION = 1.0;
				PRODUCT_BUNDLE_IDENTIFIER = com.shu223.ARKitHandTracking;
				PRODUCT_NAME = "$(TARGET_NAME)";
				SUPPORTED_PLATFORMS = "xros xrsimulator";
				SWIFT_EMIT_LOC_STRINGS = YES;
				SWIFT_VERSION = 5.0;
				TARGETED_DEVICE_FAMILY = "1,2,7";
			};
			name = Release;
		};
/* End XCBuildConfiguration section */

/* Begin XCConfigurationList section */
		8A91FEF52ACD0D2800024E24 /* Build configuration list for PBXProject "ARKitHandTracking" */ = {
			isa = XCConfigurationList;
			buildConfigurations = (
				8A91FF0D2ACD0D2900024E24 /* Debug */,
				8A91FF0E2ACD0D2900024E24 /* Release */,
			);
			defaultConfigurationIsVisible = 0;
			defaultConfigurationName = Release;
		};
		8A91FF0F2ACD0D2900024E24 /* Build configuration list for PBXNativeTarget "ARKitHandTracking" */ = {
			isa = XCConfigurationList;
			buildConfigurations = (
				8A91FF102ACD0D2900024E24 /* Debug */,
				8A91FF112ACD0D2900024E24 /* Release */,
			);
			defaultConfigurationIsVisible = 0;
			defaultConfigurationName = Release;
		};
/* End XCConfigurationList section */

/* Begin XCSwiftPackageProductDependency section */
		8A91FEFF2ACD0D2800024E24 /* RealityKitContent */ = {
			isa = XCSwiftPackageProductDependency;
			productName = RealityKitContent;
		};
/* End XCSwiftPackageProductDependency section */
	};
	rootObject = 8A91FEF22ACD0D2800024E24 /* Project object */;
}
